{
  "name": "warehouse-deploy",
  "version": "1.0.0",
  "lockfileVersion": 1,
  "requires": true,
  "dependencies": {
    "now": {
      "version": "12.0.0-canary.88",
      "resolved": "https://registry.npmjs.org/now/-/now-12.0.0-canary.88.tgz",
      "integrity": "sha512-MH4TpUFNodr1U3ip+aOOXgTgqjuS5TkSvBtNqeM40NpbOPYr2/zQWP+6jIOVdgEBQpftQ+Lwju8bFI0SBAjDCQ==",
      "dev": true
    }
  }
}
